{
  "name": "node-api",
  "version": "1.0.0",
  "lockfileVersion": 2,
  "requires": true,
  "packages": {
    "": {
      "version": "1.0.0",
      "resolved": "https://registry.npmjs.org/node-api/-/node-api-1.0.0.tgz",
      "integrity": "sha512-ABCDEF1234567890"
    },
    "dependencies": {
      "express": {
        "version": "4.17.1",
        "resolved": "https://registry.npmjs.org/express/-/express-4.17.1.tgz",
        "integrity": "sha512-ABCDEF1234567890"
      }
    }
  }
}
